
Microsoft Visual Studio Solution File, Format Version 12.00
# Visual Studio Version 17
VisualStudioVersion = 17.11.35219.272
MinimumVisualStudioVersion = 10.0.40219.1
Project("{FAE04EC0-301F-11D3-BF4B-00C04F79EFBC}") = "Sprint0Copy", "Sprint0Copy\Sprint0Copy.csproj", "{491975F1-6F7F-49AD-B035-35CD3D1CB1F4}"
EndProject
Global
	GlobalSection(SolutionConfigurationPlatforms) = preSolution
		Debug|Any CPU = Debug|Any CPU
		Release|Any CPU = Release|Any CPU
	EndGlobalSection
	GlobalSection(ProjectConfigurationPlatforms) = postSolution
		{491975F1-6F7F-49AD-B035-35CD3D1CB1F4}.Debug|Any CPU.ActiveCfg = Debug|Any CPU
		{491975F1-6F7F-49AD-B035-35CD3D1CB1F4}.Debug|Any CPU.Build.0 = Debug|Any CPU
		{491975F1-6F7F-49AD-B035-35CD3D1CB1F4}.Release|Any CPU.ActiveCfg = Release|Any CPU
		{491975F1-6F7F-49AD-B035-35CD3D1CB1F4}.Release|Any CPU.Build.0 = Release|Any CPU
	EndGlobalSection
	GlobalSection(SolutionProperties) = preSolution
		HideSolutionNode = FALSE
	EndGlobalSection
	GlobalSection(ExtensibilityGlobals) = postSolution
		SolutionGuid = {C473FC8C-4F49-49BB-8475-7744AD85AB9A}
	EndGlobalSection
EndGlobal
